PODS:
  - StantUiIosLibrary (1.0)

DEPENDENCIES:
  - StantUiIosLibrary (from `~/Documents/iOSProjects/Stant/stant-ui-ios-library`)

EXTERNAL SOURCES:
  StantUiIosLibrary:
    :path: "~/Documents/iOSProjects/Stant/stant-ui-ios-library"

SPEC CHECKSUMS:
  StantUiIosLibrary: ca93c3d162bc0fb77263a53039a8113ea41161e7

PODFILE CHECKSUM: 6ac85b21ce37ffeb8ef3cafbac4c434e594c6028

COCOAPODS: 1.6.1
