PODS:
  - StantUiIosLibrary (1.0)

DEPENDENCIES:
  - StantUiIosLibrary (from `~/Documents/iOSProjects/Stant/stant-ui-ios-library`)

EXTERNAL SOURCES:
  StantUiIosLibrary:
    :path: "~/Documents/iOSProjects/Stant/stant-ui-ios-library"

SPEC CHECKSUMS:
  StantUiIosLibrary: ca93c3d162bc0fb77263a53039a8113ea41161e7

PODFILE CHECKSUM: 3aa7e87267b8a77a71d7e61f3fe63bbdbe81aa8d

COCOAPODS: 1.6.1
