PODS:
  - StantUiIosLibrary (1.0)

DEPENDENCIES:
  - StantUiIosLibrary (from `../StantUiIosLibrary.podspec`)

EXTERNAL SOURCES:
  StantUiIosLibrary:
    :path: "../StantUiIosLibrary.podspec"

SPEC CHECKSUMS:
  StantUiIosLibrary: ca93c3d162bc0fb77263a53039a8113ea41161e7

PODFILE CHECKSUM: 67a2323c2ae30d048a7ab1c38fff09bb981b133a

COCOAPODS: 1.6.1
