// !$*UTF8*$!
{
	archiveVersion = 1;
	classes = {
	};
	objectVersion = 51;
	objects = {

/* Begin PBXBuildFile section */
		343FF2BE229D74BE00B96C60 /* SyncDialogTests.swift in Sources */ = {isa = PBXBuildFile; fileRef = 343FF2BD229D74BE00B96C60 /* SyncDialogTests.swift */; };
		343FF2C8229F151200B96C60 /* FirstHeaderViewController.swift in Sources */ = {isa = PBXBuildFile; fileRef = 343FF2C7229F151200B96C60 /* FirstHeaderViewController.swift */; };
		3445BC5722B7D68200C62011 /* MainMenuTabBarTests.swift in Sources */ = {isa = PBXBuildFile; fileRef = 3445BC5622B7D68200C62011 /* MainMenuTabBarTests.swift */; };
		3445BC5822B80AFA00C62011 /* Assets.xcassets in Resources */ = {isa = PBXBuildFile; fileRef = 34DFB8D5229495F7002D92FB /* Assets.xcassets */; };
		34518E7722B28942004D1833 /* MainViewControllerActionsExtension.swift in Sources */ = {isa = PBXBuildFile; fileRef = 34518E7622B28942004D1833 /* MainViewControllerActionsExtension.swift */; };
		34518E7922B28A54004D1833 /* UIViewExtension.swift in Sources */ = {isa = PBXBuildFile; fileRef = 34518E7822B28A54004D1833 /* UIViewExtension.swift */; };
		346518D922EF6CD800BC9E0D /* GroupSelectionViewController.swift in Sources */ = {isa = PBXBuildFile; fileRef = 346518D822EF6CD800BC9E0D /* GroupSelectionViewController.swift */; };
		347958E922CA296A003D7CC4 /* ConstructionTableViewWithCollapsedSearchBarTests.swift in Sources */ = {isa = PBXBuildFile; fileRef = 347958E822CA296A003D7CC4 /* ConstructionTableViewWithCollapsedSearchBarTests.swift */; };
		347958EB22CB92DF003D7CC4 /* ConstructionTableViewWithCollapsedSearchMocks.swift in Sources */ = {isa = PBXBuildFile; fileRef = 347958EA22CB92DF003D7CC4 /* ConstructionTableViewWithCollapsedSearchMocks.swift */; };
		349CE991229875DD0066A6E7 /* ConstructionsFilterViewController.swift in Sources */ = {isa = PBXBuildFile; fileRef = 349CE990229875DD0066A6E7 /* ConstructionsFilterViewController.swift */; };
		349CE9932298762E0066A6E7 /* ConstructionsFilterTests.swift in Sources */ = {isa = PBXBuildFile; fileRef = 349CE9922298762E0066A6E7 /* ConstructionsFilterTests.swift */; };
		349CE995229C1A660066A6E7 /* UIViewLayoutExtension.swift in Sources */ = {isa = PBXBuildFile; fileRef = 349CE994229C1A660066A6E7 /* UIViewLayoutExtension.swift */; };
		34CA9E8622D680A200E671D4 /* BottomDialogWithScrollTests.swift in Sources */ = {isa = PBXBuildFile; fileRef = 34CA9E8522D680A200E671D4 /* BottomDialogWithScrollTests.swift */; };
		34D4F2DC22CE403C0073A46E /* MainMenuTabBarControllerMock.swift in Sources */ = {isa = PBXBuildFile; fileRef = 34D4F2DB22CE403C0073A46E /* MainMenuTabBarControllerMock.swift */; };
		34DFB8CF229495F5002D92FB /* AppDelegate.swift in Sources */ = {isa = PBXBuildFile; fileRef = 34DFB8CE229495F5002D92FB /* AppDelegate.swift */; };
		34DFB8D6229495F7002D92FB /* Assets.xcassets in Resources */ = {isa = PBXBuildFile; fileRef = 34DFB8D5229495F7002D92FB /* Assets.xcassets */; };
		34DFB8E4229495F7002D92FB /* ConstructionCardTests.swift in Sources */ = {isa = PBXBuildFile; fileRef = 34DFB8E3229495F7002D92FB /* ConstructionCardTests.swift */; };
		34DFB90622957331002D92FB /* ConstructionCardViewController.swift in Sources */ = {isa = PBXBuildFile; fileRef = 34DFB90522957331002D92FB /* ConstructionCardViewController.swift */; };
		34DFB908229579A0002D92FB /* Launch Screen.storyboard in Resources */ = {isa = PBXBuildFile; fileRef = 34DFB907229579A0002D92FB /* Launch Screen.storyboard */; };
		34ECE70D22F31BF300D24ED3 /* RoundedImageViewController.swift in Sources */ = {isa = PBXBuildFile; fileRef = 34ECE70C22F31BF300D24ED3 /* RoundedImageViewController.swift */; };
		34ECE71022F3762600D24ED3 /* RoundedImageViewTests.swift in Sources */ = {isa = PBXBuildFile; fileRef = 34ECE70F22F3762600D24ED3 /* RoundedImageViewTests.swift */; };
		34ECE71322F384B500D24ED3 /* SecondHeaderViewController.swift in Sources */ = {isa = PBXBuildFile; fileRef = 34ECE71222F384B500D24ED3 /* SecondHeaderViewController.swift */; };
		34ECE71B22F4676000D24ED3 /* SecondHeaderTests.swift in Sources */ = {isa = PBXBuildFile; fileRef = 34ECE71A22F4676000D24ED3 /* SecondHeaderTests.swift */; };
		34ECE71D22F46F0000D24ED3 /* SecondHeaderViewControllerMock.swift in Sources */ = {isa = PBXBuildFile; fileRef = 34ECE71C22F46F0000D24ED3 /* SecondHeaderViewControllerMock.swift */; };
		34FE368022F1B4D400F9FEAE /* GroupSelectionTableViewWithCollapsedSearchBarTests.swift in Sources */ = {isa = PBXBuildFile; fileRef = 34FE367F22F1B4D400F9FEAE /* GroupSelectionTableViewWithCollapsedSearchBarTests.swift */; };
		34FE368222F1B5F100F9FEAE /* GroupSelectionTableViewWithCollapsedSearchBarMocks.swift in Sources */ = {isa = PBXBuildFile; fileRef = 34FE368122F1B5F100F9FEAE /* GroupSelectionTableViewWithCollapsedSearchBarMocks.swift */; };
		34FE368C22F22B4700F9FEAE /* InputTextCellTableViewController.swift in Sources */ = {isa = PBXBuildFile; fileRef = 34FE368B22F22B4700F9FEAE /* InputTextCellTableViewController.swift */; };
		34FE368F22F234F000F9FEAE /* InputTextCellTests.swift in Sources */ = {isa = PBXBuildFile; fileRef = 34FE368E22F234F000F9FEAE /* InputTextCellTests.swift */; };
		452DB89722CBF79000561600 /* XCTestExtensions.swift in Sources */ = {isa = PBXBuildFile; fileRef = 452DB89622CBF79000561600 /* XCTestExtensions.swift */; };
		452DB8AC22CCF2AD00561600 /* ProfileCellTableViewController.swift in Sources */ = {isa = PBXBuildFile; fileRef = 452DB8AB22CCF2AD00561600 /* ProfileCellTableViewController.swift */; };
		452DB8AE22CD23E400561600 /* InternPersonCellTests.swift in Sources */ = {isa = PBXBuildFile; fileRef = 452DB8AD22CD23E400561600 /* InternPersonCellTests.swift */; };
		51E9B31A22CA8EEA00D47B6A /* CellWithImageTableViewController.swift in Sources */ = {isa = PBXBuildFile; fileRef = 51E9B31922CA8EEA00D47B6A /* CellWithImageTableViewController.swift */; };
		51E9B31E22CAA64400D47B6A /* InternActionCellTests.swift in Sources */ = {isa = PBXBuildFile; fileRef = 51E9B31D22CAA64400D47B6A /* InternActionCellTests.swift */; };
		53D2813722A152F6007064F1 /* FirstHeaderTests.swift in Sources */ = {isa = PBXBuildFile; fileRef = 53D2813622A152F6007064F1 /* FirstHeaderTests.swift */; };
		53D2813A22A1737F007064F1 /* TestFirstHeaderViewController.swift in Sources */ = {isa = PBXBuildFile; fileRef = 53D2813922A1737F007064F1 /* TestFirstHeaderViewController.swift */; };
		7B94EE81F6DC3408733261DF /* Pods_StantUiIosLibraryDemoTests.framework in Frameworks */ = {isa = PBXBuildFile; fileRef = 937D001B176CBE6EDAE59850 /* Pods_StantUiIosLibraryDemoTests.framework */; };
		882CCF4624AE754B00024A74 /* ServiceInspectionFormFilledListingTests.swift in Sources */ = {isa = PBXBuildFile; fileRef = 882CCF4524AE754B00024A74 /* ServiceInspectionFormFilledListingTests.swift */; };
		882D19F0248E8F7E007DFCB8 /* ServiceInspectionFormFilledListingViewController.swift in Sources */ = {isa = PBXBuildFile; fileRef = 882D19EF248E8F7E007DFCB8 /* ServiceInspectionFormFilledListingViewController.swift */; };
		8F030E9923BFC6A1009CDEA4 /* ProgressBarWithToolTipTests.swift in Sources */ = {isa = PBXBuildFile; fileRef = 8F030E9823BFC6A1009CDEA4 /* ProgressBarWithToolTipTests.swift */; };
		8F03A49E23A7FE22004FF6EC /* BottomDialogWithScrollAndIconsTests.swift in Sources */ = {isa = PBXBuildFile; fileRef = 8F03A49D23A7FE22004FF6EC /* BottomDialogWithScrollAndIconsTests.swift */; };
		8F1C5C4D24E46FF500B8A6A1 /* VerifiedMethodDetailViewControllerExtension.swift in Sources */ = {isa = PBXBuildFile; fileRef = 8F1C5C4C24E46FF500B8A6A1 /* VerifiedMethodDetailViewControllerExtension.swift */; };
		8F1C5C5424E47A6800B8A6A1 /* VerifiedMethodDetailViewTests.swift in Sources */ = {isa = PBXBuildFile; fileRef = 8F1C5C5324E47A6800B8A6A1 /* VerifiedMethodDetailViewTests.swift */; };
		8F20AED1249454D700C6CA19 /* ItemListingTests.swift in Sources */ = {isa = PBXBuildFile; fileRef = 8F20AED0249454D700C6CA19 /* ItemListingTests.swift */; };
		8F3728CC24508EDB00C549EF /* QuantityBarViewController.swift in Sources */ = {isa = PBXBuildFile; fileRef = 8F3728CB24508EDB00C549EF /* QuantityBarViewController.swift */; };
		8F4E18282493C024001212BB /* ItemListingViewController.swift in Sources */ = {isa = PBXBuildFile; fileRef = 8F4E18272493C024001212BB /* ItemListingViewController.swift */; };
		8F52A165250273E600B9F504 /* BottomDialogWithScrollAndLeftViewsTests.swift in Sources */ = {isa = PBXBuildFile; fileRef = 8F52A164250273E600B9F504 /* BottomDialogWithScrollAndLeftViewsTests.swift */; };
		8F52A16A2502766800B9F504 /* SelectionViewControllerTests.swift in Sources */ = {isa = PBXBuildFile; fileRef = 8F52A1692502766800B9F504 /* SelectionViewControllerTests.swift */; };
		8F52A16C25029D0800B9F504 /* CustomFormTextFieldTests.swift in Sources */ = {isa = PBXBuildFile; fileRef = 8F52A16B25029D0800B9F504 /* CustomFormTextFieldTests.swift */; };
		8F6CF2242500014900077FF8 /* CustomFieldsViewController.swift in Sources */ = {isa = PBXBuildFile; fileRef = 8F6CF2232500014900077FF8 /* CustomFieldsViewController.swift */; };
		8F766F03245131FF0027B628 /* QuantityBarTests.swift in Sources */ = {isa = PBXBuildFile; fileRef = 8F766F02245131FF0027B628 /* QuantityBarTests.swift */; };
		8F76A5FA24FE8CB900605307 /* ListingPlacesViewController.swift in Sources */ = {isa = PBXBuildFile; fileRef = 8F76A5F924FE8CB900605307 /* ListingPlacesViewController.swift */; };
		8F80535524D06BC90079C21B /* VerifiedMethodDetailViewController.swift in Sources */ = {isa = PBXBuildFile; fileRef = 8F80535424D06BC90079C21B /* VerifiedMethodDetailViewController.swift */; };
		8FB2A6E724857D3200EDB0BD /* ServiceInspectionFormFilledDetailMenuTests.swift in Sources */ = {isa = PBXBuildFile; fileRef = 8FB2A6E624857D3200EDB0BD /* ServiceInspectionFormFilledDetailMenuTests.swift */; };
		8FBE26D723C7B67C002C488C /* ServiceInspectionFormFilledCardViewController.swift in Sources */ = {isa = PBXBuildFile; fileRef = 8FBE26D623C7B67C002C488C /* ServiceInspectionFormFilledCardViewController.swift */; };
		8FBE26D923C7BBD1002C488C /* ServiceInspectionFormFilledCardTests.swift in Sources */ = {isa = PBXBuildFile; fileRef = 8FBE26D823C7BBD1002C488C /* ServiceInspectionFormFilledCardTests.swift */; };
		8FC2EFA823AAE88400184A1E /* ProgressBarWithToolTipViewController.swift in Sources */ = {isa = PBXBuildFile; fileRef = 8FC2EFA723AAE88400184A1E /* ProgressBarWithToolTipViewController.swift */; };
		8FDC5413247EAF5E00443DF4 /* ServiceInspectionFormFilledDetailMenuViewController.swift in Sources */ = {isa = PBXBuildFile; fileRef = 8FDC5412247EAF5E00443DF4 /* ServiceInspectionFormFilledDetailMenuViewController.swift */; };
		8FE133D82502B2AA00D99C8D /* CustomDatePickerTests.swift in Sources */ = {isa = PBXBuildFile; fileRef = 8FE133D72502B2AA00D99C8D /* CustomDatePickerTests.swift */; };
		C730D6D023C7A141003DEE68 /* ConstructionContactsViewController.swift in Sources */ = {isa = PBXBuildFile; fileRef = C730D6CF23C7A141003DEE68 /* ConstructionContactsViewController.swift */; };
		C752BDDF23C658A80093DCF0 /* MainViewController.swift in Sources */ = {isa = PBXBuildFile; fileRef = 34DFB8D0229495F5002D92FB /* MainViewController.swift */; };
		D2E1E8AE91A78FEB347A195A /* Pods_StantUiIosLibraryDemo.framework in Frameworks */ = {isa = PBXBuildFile; fileRef = E8E8F41059BD359E59E73FF7 /* Pods_StantUiIosLibraryDemo.framework */; };
/* End PBXBuildFile section */

/* Begin PBXContainerItemProxy section */
		34DFB8E0229495F7002D92FB /* PBXContainerItemProxy */ = {
			isa = PBXContainerItemProxy;
			containerPortal = 34DFB8C3229495F5002D92FB /* Project object */;
			proxyType = 1;
			remoteGlobalIDString = 34DFB8CA229495F5002D92FB;
			remoteInfo = StantUiIosLibraryDemo;
		};
/* End PBXContainerItemProxy section */

/* Begin PBXFileReference section */
		2185583D3B0420DB7D995C58 /* Pods-StantUiIosLibraryDemoTests.release.xcconfig */ = {isa = PBXFileReference; includeInIndex = 1; lastKnownFileType = text.xcconfig; name = "Pods-StantUiIosLibraryDemoTests.release.xcconfig"; path = "Target Support Files/Pods-StantUiIosLibraryDemoTests/Pods-StantUiIosLibraryDemoTests.release.xcconfig"; sourceTree = "<group>"; };
		343FF2BD229D74BE00B96C60 /* SyncDialogTests.swift */ = {isa = PBXFileReference; lastKnownFileType = sourcecode.swift; path = SyncDialogTests.swift; sourceTree = "<group>"; };
		343FF2C7229F151200B96C60 /* FirstHeaderViewController.swift */ = {isa = PBXFileReference; lastKnownFileType = sourcecode.swift; path = FirstHeaderViewController.swift; sourceTree = "<group>"; };
		3445BC5622B7D68200C62011 /* MainMenuTabBarTests.swift */ = {isa = PBXFileReference; lastKnownFileType = sourcecode.swift; path = MainMenuTabBarTests.swift; sourceTree = "<group>"; };
		34518E7622B28942004D1833 /* MainViewControllerActionsExtension.swift */ = {isa = PBXFileReference; lastKnownFileType = sourcecode.swift; path = MainViewControllerActionsExtension.swift; sourceTree = "<group>"; };
		34518E7822B28A54004D1833 /* UIViewExtension.swift */ = {isa = PBXFileReference; lastKnownFileType = sourcecode.swift; path = UIViewExtension.swift; sourceTree = "<group>"; };
		346518D822EF6CD800BC9E0D /* GroupSelectionViewController.swift */ = {isa = PBXFileReference; lastKnownFileType = sourcecode.swift; path = GroupSelectionViewController.swift; sourceTree = "<group>"; };
		347958E822CA296A003D7CC4 /* ConstructionTableViewWithCollapsedSearchBarTests.swift */ = {isa = PBXFileReference; lastKnownFileType = sourcecode.swift; path = ConstructionTableViewWithCollapsedSearchBarTests.swift; sourceTree = "<group>"; };
		347958EA22CB92DF003D7CC4 /* ConstructionTableViewWithCollapsedSearchMocks.swift */ = {isa = PBXFileReference; lastKnownFileType = sourcecode.swift; path = ConstructionTableViewWithCollapsedSearchMocks.swift; sourceTree = "<group>"; };
		349CE990229875DD0066A6E7 /* ConstructionsFilterViewController.swift */ = {isa = PBXFileReference; lastKnownFileType = sourcecode.swift; path = ConstructionsFilterViewController.swift; sourceTree = "<group>"; };
		349CE9922298762E0066A6E7 /* ConstructionsFilterTests.swift */ = {isa = PBXFileReference; lastKnownFileType = sourcecode.swift; path = ConstructionsFilterTests.swift; sourceTree = "<group>"; };
		349CE994229C1A660066A6E7 /* UIViewLayoutExtension.swift */ = {isa = PBXFileReference; lastKnownFileType = sourcecode.swift; path = UIViewLayoutExtension.swift; sourceTree = "<group>"; };
		34CA9E8522D680A200E671D4 /* BottomDialogWithScrollTests.swift */ = {isa = PBXFileReference; lastKnownFileType = sourcecode.swift; path = BottomDialogWithScrollTests.swift; sourceTree = "<group>"; };
		34D4F2DB22CE403C0073A46E /* MainMenuTabBarControllerMock.swift */ = {isa = PBXFileReference; lastKnownFileType = sourcecode.swift; path = MainMenuTabBarControllerMock.swift; sourceTree = "<group>"; };
		34DFB8CB229495F5002D92FB /* StantUiIosLibraryDemo.app */ = {isa = PBXFileReference; explicitFileType = wrapper.application; includeInIndex = 0; path = StantUiIosLibraryDemo.app; sourceTree = BUILT_PRODUCTS_DIR; };
		34DFB8CE229495F5002D92FB /* AppDelegate.swift */ = {isa = PBXFileReference; lastKnownFileType = sourcecode.swift; path = AppDelegate.swift; sourceTree = "<group>"; };
		34DFB8D0229495F5002D92FB /* MainViewController.swift */ = {isa = PBXFileReference; lastKnownFileType = sourcecode.swift; path = MainViewController.swift; sourceTree = "<group>"; };
		34DFB8D5229495F7002D92FB /* Assets.xcassets */ = {isa = PBXFileReference; lastKnownFileType = folder.assetcatalog; path = Assets.xcassets; sourceTree = "<group>"; };
		34DFB8DA229495F7002D92FB /* Info.plist */ = {isa = PBXFileReference; lastKnownFileType = text.plist.xml; path = Info.plist; sourceTree = "<group>"; };
		34DFB8DF229495F7002D92FB /* StantUiIosLibraryDemoTests.xctest */ = {isa = PBXFileReference; explicitFileType = wrapper.cfbundle; includeInIndex = 0; path = StantUiIosLibraryDemoTests.xctest; sourceTree = BUILT_PRODUCTS_DIR; };
		34DFB8E3229495F7002D92FB /* ConstructionCardTests.swift */ = {isa = PBXFileReference; lastKnownFileType = sourcecode.swift; path = ConstructionCardTests.swift; sourceTree = "<group>"; };
		34DFB8E5229495F7002D92FB /* Info.plist */ = {isa = PBXFileReference; lastKnownFileType = text.plist.xml; path = Info.plist; sourceTree = "<group>"; };
		34DFB90522957331002D92FB /* ConstructionCardViewController.swift */ = {isa = PBXFileReference; lastKnownFileType = sourcecode.swift; path = ConstructionCardViewController.swift; sourceTree = "<group>"; };
		34DFB907229579A0002D92FB /* Launch Screen.storyboard */ = {isa = PBXFileReference; lastKnownFileType = file.storyboard; path = "Launch Screen.storyboard"; sourceTree = "<group>"; };
		34ECE70C22F31BF300D24ED3 /* RoundedImageViewController.swift */ = {isa = PBXFileReference; lastKnownFileType = sourcecode.swift; path = RoundedImageViewController.swift; sourceTree = "<group>"; };
		34ECE70F22F3762600D24ED3 /* RoundedImageViewTests.swift */ = {isa = PBXFileReference; lastKnownFileType = sourcecode.swift; path = RoundedImageViewTests.swift; sourceTree = "<group>"; };
		34ECE71222F384B500D24ED3 /* SecondHeaderViewController.swift */ = {isa = PBXFileReference; lastKnownFileType = sourcecode.swift; path = SecondHeaderViewController.swift; sourceTree = "<group>"; };
		34ECE71A22F4676000D24ED3 /* SecondHeaderTests.swift */ = {isa = PBXFileReference; lastKnownFileType = sourcecode.swift; path = SecondHeaderTests.swift; sourceTree = "<group>"; };
		34ECE71C22F46F0000D24ED3 /* SecondHeaderViewControllerMock.swift */ = {isa = PBXFileReference; lastKnownFileType = sourcecode.swift; path = SecondHeaderViewControllerMock.swift; sourceTree = "<group>"; };
		34FE367F22F1B4D400F9FEAE /* GroupSelectionTableViewWithCollapsedSearchBarTests.swift */ = {isa = PBXFileReference; lastKnownFileType = sourcecode.swift; path = GroupSelectionTableViewWithCollapsedSearchBarTests.swift; sourceTree = "<group>"; };
		34FE368122F1B5F100F9FEAE /* GroupSelectionTableViewWithCollapsedSearchBarMocks.swift */ = {isa = PBXFileReference; lastKnownFileType = sourcecode.swift; path = GroupSelectionTableViewWithCollapsedSearchBarMocks.swift; sourceTree = "<group>"; };
		34FE368B22F22B4700F9FEAE /* InputTextCellTableViewController.swift */ = {isa = PBXFileReference; lastKnownFileType = sourcecode.swift; path = InputTextCellTableViewController.swift; sourceTree = "<group>"; };
		34FE368E22F234F000F9FEAE /* InputTextCellTests.swift */ = {isa = PBXFileReference; lastKnownFileType = sourcecode.swift; path = InputTextCellTests.swift; sourceTree = "<group>"; };
		452DB89622CBF79000561600 /* XCTestExtensions.swift */ = {isa = PBXFileReference; lastKnownFileType = sourcecode.swift; path = XCTestExtensions.swift; sourceTree = "<group>"; };
		452DB8AB22CCF2AD00561600 /* ProfileCellTableViewController.swift */ = {isa = PBXFileReference; lastKnownFileType = sourcecode.swift; path = ProfileCellTableViewController.swift; sourceTree = "<group>"; };
		452DB8AD22CD23E400561600 /* InternPersonCellTests.swift */ = {isa = PBXFileReference; lastKnownFileType = sourcecode.swift; path = InternPersonCellTests.swift; sourceTree = "<group>"; };
		4CF89181A26B95808368FB03 /* Pods-StantUiIosLibraryDemoTests.debug.xcconfig */ = {isa = PBXFileReference; includeInIndex = 1; lastKnownFileType = text.xcconfig; name = "Pods-StantUiIosLibraryDemoTests.debug.xcconfig"; path = "Target Support Files/Pods-StantUiIosLibraryDemoTests/Pods-StantUiIosLibraryDemoTests.debug.xcconfig"; sourceTree = "<group>"; };
		51E9B31922CA8EEA00D47B6A /* CellWithImageTableViewController.swift */ = {isa = PBXFileReference; lastKnownFileType = sourcecode.swift; path = CellWithImageTableViewController.swift; sourceTree = "<group>"; };
		51E9B31D22CAA64400D47B6A /* InternActionCellTests.swift */ = {isa = PBXFileReference; lastKnownFileType = sourcecode.swift; path = InternActionCellTests.swift; sourceTree = "<group>"; };
		53D2813622A152F6007064F1 /* FirstHeaderTests.swift */ = {isa = PBXFileReference; lastKnownFileType = sourcecode.swift; path = FirstHeaderTests.swift; sourceTree = "<group>"; };
		53D2813922A1737F007064F1 /* TestFirstHeaderViewController.swift */ = {isa = PBXFileReference; lastKnownFileType = sourcecode.swift; path = TestFirstHeaderViewController.swift; sourceTree = "<group>"; };
		6BC6ECA65D51D2F6E61A286C /* Pods-StantUiIosLibraryDemo.release.xcconfig */ = {isa = PBXFileReference; includeInIndex = 1; lastKnownFileType = text.xcconfig; name = "Pods-StantUiIosLibraryDemo.release.xcconfig"; path = "Target Support Files/Pods-StantUiIosLibraryDemo/Pods-StantUiIosLibraryDemo.release.xcconfig"; sourceTree = "<group>"; };
		882CCF4524AE754B00024A74 /* ServiceInspectionFormFilledListingTests.swift */ = {isa = PBXFileReference; lastKnownFileType = sourcecode.swift; path = ServiceInspectionFormFilledListingTests.swift; sourceTree = "<group>"; };
		882D19EF248E8F7E007DFCB8 /* ServiceInspectionFormFilledListingViewController.swift */ = {isa = PBXFileReference; fileEncoding = 4; lastKnownFileType = sourcecode.swift; path = ServiceInspectionFormFilledListingViewController.swift; sourceTree = "<group>"; };
		8F030E9823BFC6A1009CDEA4 /* ProgressBarWithToolTipTests.swift */ = {isa = PBXFileReference; lastKnownFileType = sourcecode.swift; path = ProgressBarWithToolTipTests.swift; sourceTree = "<group>"; };
		8F03A49D23A7FE22004FF6EC /* BottomDialogWithScrollAndIconsTests.swift */ = {isa = PBXFileReference; lastKnownFileType = sourcecode.swift; path = BottomDialogWithScrollAndIconsTests.swift; sourceTree = "<group>"; };
		8F1C5C4C24E46FF500B8A6A1 /* VerifiedMethodDetailViewControllerExtension.swift */ = {isa = PBXFileReference; lastKnownFileType = sourcecode.swift; path = VerifiedMethodDetailViewControllerExtension.swift; sourceTree = "<group>"; };
		8F1C5C5324E47A6800B8A6A1 /* VerifiedMethodDetailViewTests.swift */ = {isa = PBXFileReference; fileEncoding = 4; lastKnownFileType = sourcecode.swift; path = VerifiedMethodDetailViewTests.swift; sourceTree = "<group>"; };
		8F20AED0249454D700C6CA19 /* ItemListingTests.swift */ = {isa = PBXFileReference; lastKnownFileType = sourcecode.swift; path = ItemListingTests.swift; sourceTree = "<group>"; };
		8F3728CB24508EDB00C549EF /* QuantityBarViewController.swift */ = {isa = PBXFileReference; lastKnownFileType = sourcecode.swift; path = QuantityBarViewController.swift; sourceTree = "<group>"; };
		8F4E18272493C024001212BB /* ItemListingViewController.swift */ = {isa = PBXFileReference; lastKnownFileType = sourcecode.swift; path = ItemListingViewController.swift; sourceTree = "<group>"; };
		8F52A164250273E600B9F504 /* BottomDialogWithScrollAndLeftViewsTests.swift */ = {isa = PBXFileReference; lastKnownFileType = sourcecode.swift; path = BottomDialogWithScrollAndLeftViewsTests.swift; sourceTree = "<group>"; };
		8F52A1692502766800B9F504 /* SelectionViewControllerTests.swift */ = {isa = PBXFileReference; lastKnownFileType = sourcecode.swift; path = SelectionViewControllerTests.swift; sourceTree = "<group>"; };
		8F52A16B25029D0800B9F504 /* CustomFormTextFieldTests.swift */ = {isa = PBXFileReference; lastKnownFileType = sourcecode.swift; path = CustomFormTextFieldTests.swift; sourceTree = "<group>"; };
		8F6CF2232500014900077FF8 /* CustomFieldsViewController.swift */ = {isa = PBXFileReference; lastKnownFileType = sourcecode.swift; path = CustomFieldsViewController.swift; sourceTree = "<group>"; };
		8F766F02245131FF0027B628 /* QuantityBarTests.swift */ = {isa = PBXFileReference; lastKnownFileType = sourcecode.swift; path = QuantityBarTests.swift; sourceTree = "<group>"; };
		8F76A5F924FE8CB900605307 /* ListingPlacesViewController.swift */ = {isa = PBXFileReference; fileEncoding = 4; lastKnownFileType = sourcecode.swift; path = ListingPlacesViewController.swift; sourceTree = "<group>"; };
		8F80535424D06BC90079C21B /* VerifiedMethodDetailViewController.swift */ = {isa = PBXFileReference; fileEncoding = 4; lastKnownFileType = sourcecode.swift; path = VerifiedMethodDetailViewController.swift; sourceTree = "<group>"; };
		8FB2A6E624857D3200EDB0BD /* ServiceInspectionFormFilledDetailMenuTests.swift */ = {isa = PBXFileReference; lastKnownFileType = sourcecode.swift; path = ServiceInspectionFormFilledDetailMenuTests.swift; sourceTree = "<group>"; };
		8FBE26D623C7B67C002C488C /* ServiceInspectionFormFilledCardViewController.swift */ = {isa = PBXFileReference; lastKnownFileType = sourcecode.swift; path = ServiceInspectionFormFilledCardViewController.swift; sourceTree = "<group>"; };
		8FBE26D823C7BBD1002C488C /* ServiceInspectionFormFilledCardTests.swift */ = {isa = PBXFileReference; lastKnownFileType = sourcecode.swift; path = ServiceInspectionFormFilledCardTests.swift; sourceTree = "<group>"; };
		8FC2EFA723AAE88400184A1E /* ProgressBarWithToolTipViewController.swift */ = {isa = PBXFileReference; lastKnownFileType = sourcecode.swift; path = ProgressBarWithToolTipViewController.swift; sourceTree = "<group>"; };
		8FDC5412247EAF5E00443DF4 /* ServiceInspectionFormFilledDetailMenuViewController.swift */ = {isa = PBXFileReference; lastKnownFileType = sourcecode.swift; path = ServiceInspectionFormFilledDetailMenuViewController.swift; sourceTree = "<group>"; };
		8FE133D72502B2AA00D99C8D /* CustomDatePickerTests.swift */ = {isa = PBXFileReference; lastKnownFileType = sourcecode.swift; path = CustomDatePickerTests.swift; sourceTree = "<group>"; };
		937D001B176CBE6EDAE59850 /* Pods_StantUiIosLibraryDemoTests.framework */ = {isa = PBXFileReference; explicitFileType = wrapper.framework; includeInIndex = 0; path = Pods_StantUiIosLibraryDemoTests.framework; sourceTree = BUILT_PRODUCTS_DIR; };
		C730D6CF23C7A141003DEE68 /* ConstructionContactsViewController.swift */ = {isa = PBXFileReference; lastKnownFileType = sourcecode.swift; path = ConstructionContactsViewController.swift; sourceTree = "<group>"; };
		DC062C9F0556D38B24D99EF0 /* Pods-StantUiIosLibraryDemo.debug.xcconfig */ = {isa = PBXFileReference; includeInIndex = 1; lastKnownFileType = text.xcconfig; name = "Pods-StantUiIosLibraryDemo.debug.xcconfig"; path = "Target Support Files/Pods-StantUiIosLibraryDemo/Pods-StantUiIosLibraryDemo.debug.xcconfig"; sourceTree = "<group>"; };
		E8E8F41059BD359E59E73FF7 /* Pods_StantUiIosLibraryDemo.framework */ = {isa = PBXFileReference; explicitFileType = wrapper.framework; includeInIndex = 0; path = Pods_StantUiIosLibraryDemo.framework; sourceTree = BUILT_PRODUCTS_DIR; };
/* End PBXFileReference section */

/* Begin PBXFrameworksBuildPhase section */
		34DFB8C8229495F5002D92FB /* Frameworks */ = {
			isa = PBXFrameworksBuildPhase;
			buildActionMask = 2147483647;
			files = (
				D2E1E8AE91A78FEB347A195A /* Pods_StantUiIosLibraryDemo.framework in Frameworks */,
			);
			runOnlyForDeploymentPostprocessing = 0;
		};
		34DFB8DC229495F7002D92FB /* Frameworks */ = {
			isa = PBXFrameworksBuildPhase;
			buildActionMask = 2147483647;
			files = (
				7B94EE81F6DC3408733261DF /* Pods_StantUiIosLibraryDemoTests.framework in Frameworks */,
			);
			runOnlyForDeploymentPostprocessing = 0;
		};
/* End PBXFrameworksBuildPhase section */

/* Begin PBXGroup section */
		343FF2C6229F14E400B96C60 /* FirstHeader */ = {
			isa = PBXGroup;
			children = (
				343FF2C7229F151200B96C60 /* FirstHeaderViewController.swift */,
			);
			path = FirstHeader;
			sourceTree = "<group>";
		};
		3445BC5522B7D66300C62011 /* MainMenuTabBar */ = {
			isa = PBXGroup;
			children = (
				3445BC5622B7D68200C62011 /* MainMenuTabBarTests.swift */,
				34D4F2DB22CE403C0073A46E /* MainMenuTabBarControllerMock.swift */,
			);
			path = MainMenuTabBar;
			sourceTree = "<group>";
		};
		346518D722EF6CAF00BC9E0D /* GroupSelection */ = {
			isa = PBXGroup;
			children = (
				346518D822EF6CD800BC9E0D /* GroupSelectionViewController.swift */,
			);
			path = GroupSelection;
			sourceTree = "<group>";
		};
		347958E722CA2917003D7CC4 /* ConstructionTableViewWithCollapsedSearchBar */ = {
			isa = PBXGroup;
			children = (
				347958E822CA296A003D7CC4 /* ConstructionTableViewWithCollapsedSearchBarTests.swift */,
				347958EA22CB92DF003D7CC4 /* ConstructionTableViewWithCollapsedSearchMocks.swift */,
			);
			path = ConstructionTableViewWithCollapsedSearchBar;
			sourceTree = "<group>";
		};
		349CE98F229875A10066A6E7 /* ConstructionsFilter */ = {
			isa = PBXGroup;
			children = (
				349CE990229875DD0066A6E7 /* ConstructionsFilterViewController.swift */,
			);
			path = ConstructionsFilter;
			sourceTree = "<group>";
		};
		34CA9E8422D6807D00E671D4 /* BottomDialogWithScroll */ = {
			isa = PBXGroup;
			children = (
				34CA9E8522D680A200E671D4 /* BottomDialogWithScrollTests.swift */,
				8F03A49D23A7FE22004FF6EC /* BottomDialogWithScrollAndIconsTests.swift */,
				8F52A164250273E600B9F504 /* BottomDialogWithScrollAndLeftViewsTests.swift */,
			);
			path = BottomDialogWithScroll;
			sourceTree = "<group>";
		};
		34DFB8C2229495F5002D92FB = {
			isa = PBXGroup;
			children = (
				34DFB8CD229495F5002D92FB /* StantUiIosLibraryDemo */,
				34DFB8E2229495F7002D92FB /* StantUiIosLibraryDemoTests */,
				34DFB8CC229495F5002D92FB /* Products */,
				70F6B53CB76F38649D0510E5 /* Pods */,
				3B0A2038355FC4949867957C /* Frameworks */,
			);
			sourceTree = "<group>";
		};
		34DFB8CC229495F5002D92FB /* Products */ = {
			isa = PBXGroup;
			children = (
				34DFB8CB229495F5002D92FB /* StantUiIosLibraryDemo.app */,
				34DFB8DF229495F7002D92FB /* StantUiIosLibraryDemoTests.xctest */,
			);
			name = Products;
			sourceTree = "<group>";
		};
		34DFB8CD229495F5002D92FB /* StantUiIosLibraryDemo */ = {
			isa = PBXGroup;
			children = (
				34DFB90222956D15002D92FB /* DemoApplication */,
				34DFB8D5229495F7002D92FB /* Assets.xcassets */,
				34DFB8DA229495F7002D92FB /* Info.plist */,
			);
			path = StantUiIosLibraryDemo;
			sourceTree = "<group>";
		};
		34DFB8E2229495F7002D92FB /* StantUiIosLibraryDemoTests */ = {
			isa = PBXGroup;
			children = (
				8F52A166250275B200B9F504 /* Inputs */,
				8F030E9723BFC66B009CDEA4 /* Services */,
				8F20AECF2494545300C6CA19 /* ItemMethod */,
				452DB89522CBF73C00561600 /* Utils */,
				34CA9E8422D6807D00E671D4 /* BottomDialogWithScroll */,
				347958E722CA2917003D7CC4 /* ConstructionTableViewWithCollapsedSearchBar */,
				3445BC5522B7D66300C62011 /* MainMenuTabBar */,
				53D2813D22A1AF10007064F1 /* SyncDialog */,
				53D2813C22A1AF01007064F1 /* ConstructionsFilter */,
				53D2813B22A1AEEA007064F1 /* ConstructionCard */,
				53D2813822A1734C007064F1 /* FirstHeader */,
				34ECE71922F4673500D24ED3 /* SecondHeader */,
				51E9B31C22CAA48F00D47B6A /* InternCell */,
				34FE367E22F1B49F00F9FEAE /* GroupSelectionTableViewWithCollapsedSearchBar */,
				34FE368D22F234CA00F9FEAE /* InputTextCell */,
				34ECE70E22F375E000D24ED3 /* RoundedImageView */,
				34DFB8E5229495F7002D92FB /* Info.plist */,
			);
			path = StantUiIosLibraryDemoTests;
			sourceTree = "<group>";
		};
		34DFB90222956D15002D92FB /* DemoApplication */ = {
			isa = PBXGroup;
			children = (
				8F6CF2222500011E00077FF8 /* Inspections */,
				8F14491C23AACDC800BD0E7D /* Services */,
				8F4E18202493BE43001212BB /* ItemMethod */,
				8F76A5F824FE8CB900605307 /* ListingPlaces */,
				34DFB90322956D33002D92FB /* Main */,
				34DFB9042295731B002D92FB /* ConstructionCard */,
				C752BDC823C64FD40093DCF0 /* ConstructionContacts */,
				349CE98F229875A10066A6E7 /* ConstructionsFilter */,
				343FF2C6229F14E400B96C60 /* FirstHeader */,
				34ECE71122F3849200D24ED3 /* SecondHeader */,
				51E9B31822CA8E9B00D47B6A /* CellWithImage */,
				346518D722EF6CAF00BC9E0D /* GroupSelection */,
				34FE368A22F22B0E00F9FEAE /* InputTextCell */,
				34ECE70B22F31BCB00D24ED3 /* RoundedImageView */,
				34DFB8CE229495F5002D92FB /* AppDelegate.swift */,
				34DFB907229579A0002D92FB /* Launch Screen.storyboard */,
				349CE994229C1A660066A6E7 /* UIViewLayoutExtension.swift */,
				34518E7822B28A54004D1833 /* UIViewExtension.swift */,
			);
			path = DemoApplication;
			sourceTree = "<group>";
		};
		34DFB90322956D33002D92FB /* Main */ = {
			isa = PBXGroup;
			children = (
				34DFB8D0229495F5002D92FB /* MainViewController.swift */,
				34518E7622B28942004D1833 /* MainViewControllerActionsExtension.swift */,
			);
			path = Main;
			sourceTree = "<group>";
		};
		34DFB9042295731B002D92FB /* ConstructionCard */ = {
			isa = PBXGroup;
			children = (
				34DFB90522957331002D92FB /* ConstructionCardViewController.swift */,
			);
			path = ConstructionCard;
			sourceTree = "<group>";
		};
		34ECE70B22F31BCB00D24ED3 /* RoundedImageView */ = {
			isa = PBXGroup;
			children = (
				34ECE70C22F31BF300D24ED3 /* RoundedImageViewController.swift */,
			);
			path = RoundedImageView;
			sourceTree = "<group>";
		};
		34ECE70E22F375E000D24ED3 /* RoundedImageView */ = {
			isa = PBXGroup;
			children = (
				34ECE70F22F3762600D24ED3 /* RoundedImageViewTests.swift */,
			);
			path = RoundedImageView;
			sourceTree = "<group>";
		};
		34ECE71122F3849200D24ED3 /* SecondHeader */ = {
			isa = PBXGroup;
			children = (
				34ECE71222F384B500D24ED3 /* SecondHeaderViewController.swift */,
			);
			path = SecondHeader;
			sourceTree = "<group>";
		};
		34ECE71922F4673500D24ED3 /* SecondHeader */ = {
			isa = PBXGroup;
			children = (
				34ECE71A22F4676000D24ED3 /* SecondHeaderTests.swift */,
				34ECE71C22F46F0000D24ED3 /* SecondHeaderViewControllerMock.swift */,
			);
			path = SecondHeader;
			sourceTree = "<group>";
		};
		34FE367E22F1B49F00F9FEAE /* GroupSelectionTableViewWithCollapsedSearchBar */ = {
			isa = PBXGroup;
			children = (
				34FE367F22F1B4D400F9FEAE /* GroupSelectionTableViewWithCollapsedSearchBarTests.swift */,
				34FE368122F1B5F100F9FEAE /* GroupSelectionTableViewWithCollapsedSearchBarMocks.swift */,
			);
			path = GroupSelectionTableViewWithCollapsedSearchBar;
			sourceTree = "<group>";
		};
		34FE368A22F22B0E00F9FEAE /* InputTextCell */ = {
			isa = PBXGroup;
			children = (
				34FE368B22F22B4700F9FEAE /* InputTextCellTableViewController.swift */,
			);
			path = InputTextCell;
			sourceTree = "<group>";
		};
		34FE368D22F234CA00F9FEAE /* InputTextCell */ = {
			isa = PBXGroup;
			children = (
				34FE368E22F234F000F9FEAE /* InputTextCellTests.swift */,
			);
			path = InputTextCell;
			sourceTree = "<group>";
		};
		3B0A2038355FC4949867957C /* Frameworks */ = {
			isa = PBXGroup;
			children = (
				E8E8F41059BD359E59E73FF7 /* Pods_StantUiIosLibraryDemo.framework */,
				937D001B176CBE6EDAE59850 /* Pods_StantUiIosLibraryDemoTests.framework */,
			);
			name = Frameworks;
			sourceTree = "<group>";
		};
		452DB89522CBF73C00561600 /* Utils */ = {
			isa = PBXGroup;
			children = (
				452DB89622CBF79000561600 /* XCTestExtensions.swift */,
			);
			path = Utils;
			sourceTree = "<group>";
		};
		51E9B31822CA8E9B00D47B6A /* CellWithImage */ = {
			isa = PBXGroup;
			children = (
				51E9B31922CA8EEA00D47B6A /* CellWithImageTableViewController.swift */,
				452DB8AB22CCF2AD00561600 /* ProfileCellTableViewController.swift */,
			);
			path = CellWithImage;
			sourceTree = "<group>";
		};
		51E9B31C22CAA48F00D47B6A /* InternCell */ = {
			isa = PBXGroup;
			children = (
				51E9B31D22CAA64400D47B6A /* InternActionCellTests.swift */,
				452DB8AD22CD23E400561600 /* InternPersonCellTests.swift */,
			);
			path = InternCell;
			sourceTree = "<group>";
		};
		53D2813822A1734C007064F1 /* FirstHeader */ = {
			isa = PBXGroup;
			children = (
				53D2813622A152F6007064F1 /* FirstHeaderTests.swift */,
				53D2813922A1737F007064F1 /* TestFirstHeaderViewController.swift */,
			);
			path = FirstHeader;
			sourceTree = "<group>";
		};
		53D2813B22A1AEEA007064F1 /* ConstructionCard */ = {
			isa = PBXGroup;
			children = (
				34DFB8E3229495F7002D92FB /* ConstructionCardTests.swift */,
			);
			path = ConstructionCard;
			sourceTree = "<group>";
		};
		53D2813C22A1AF01007064F1 /* ConstructionsFilter */ = {
			isa = PBXGroup;
			children = (
				349CE9922298762E0066A6E7 /* ConstructionsFilterTests.swift */,
			);
			path = ConstructionsFilter;
			sourceTree = "<group>";
		};
		53D2813D22A1AF10007064F1 /* SyncDialog */ = {
			isa = PBXGroup;
			children = (
				343FF2BD229D74BE00B96C60 /* SyncDialogTests.swift */,
			);
			path = SyncDialog;
			sourceTree = "<group>";
		};
		70F6B53CB76F38649D0510E5 /* Pods */ = {
			isa = PBXGroup;
			children = (
				DC062C9F0556D38B24D99EF0 /* Pods-StantUiIosLibraryDemo.debug.xcconfig */,
				6BC6ECA65D51D2F6E61A286C /* Pods-StantUiIosLibraryDemo.release.xcconfig */,
				4CF89181A26B95808368FB03 /* Pods-StantUiIosLibraryDemoTests.debug.xcconfig */,
				2185583D3B0420DB7D995C58 /* Pods-StantUiIosLibraryDemoTests.release.xcconfig */,
			);
			path = Pods;
			sourceTree = "<group>";
		};
		8F030E9723BFC66B009CDEA4 /* Services */ = {
			isa = PBXGroup;
			children = (
				8F030E9823BFC6A1009CDEA4 /* ProgressBarWithToolTipTests.swift */,
				8FBE26D823C7BBD1002C488C /* ServiceInspectionFormFilledCardTests.swift */,
				8F766F02245131FF0027B628 /* QuantityBarTests.swift */,
				8FB2A6E624857D3200EDB0BD /* ServiceInspectionFormFilledDetailMenuTests.swift */,
				882CCF4524AE754B00024A74 /* ServiceInspectionFormFilledListingTests.swift */,
			);
			path = Services;
			sourceTree = "<group>";
		};
		8F14491C23AACDC800BD0E7D /* Services */ = {
			isa = PBXGroup;
			children = (
				882D19EF248E8F7E007DFCB8 /* ServiceInspectionFormFilledListingViewController.swift */,
				8FC2EFA723AAE88400184A1E /* ProgressBarWithToolTipViewController.swift */,
				8FBE26D623C7B67C002C488C /* ServiceInspectionFormFilledCardViewController.swift */,
				8F3728CB24508EDB00C549EF /* QuantityBarViewController.swift */,
				8FDC5412247EAF5E00443DF4 /* ServiceInspectionFormFilledDetailMenuViewController.swift */,
			);
			path = Services;
			sourceTree = "<group>";
		};
		8F1C5C4B24E46FBC00B8A6A1 /* VerifiedMethodDetail */ = {
			isa = PBXGroup;
			children = (
				8F80535424D06BC90079C21B /* VerifiedMethodDetailViewController.swift */,
				8F1C5C4C24E46FF500B8A6A1 /* VerifiedMethodDetailViewControllerExtension.swift */,
			);
			path = VerifiedMethodDetail;
			sourceTree = "<group>";
		};
		8F20AECF2494545300C6CA19 /* ItemMethod */ = {
			isa = PBXGroup;
			children = (
				8F20AED0249454D700C6CA19 /* ItemListingTests.swift */,
				8F1C5C5324E47A6800B8A6A1 /* VerifiedMethodDetailViewTests.swift */,
			);
			path = ItemMethod;
			sourceTree = "<group>";
		};
		8F4E18202493BE43001212BB /* ItemMethod */ = {
			isa = PBXGroup;
			children = (
				8F1C5C4B24E46FBC00B8A6A1 /* VerifiedMethodDetail */,
				8F4E18272493C024001212BB /* ItemListingViewController.swift */,
			);
			path = ItemMethod;
			sourceTree = "<group>";
		};
		8F52A166250275B200B9F504 /* Inputs */ = {
			isa = PBXGroup;
			children = (
				8F52A1692502766800B9F504 /* SelectionViewControllerTests.swift */,
				8F52A16B25029D0800B9F504 /* CustomFormTextFieldTests.swift */,
				8FE133D72502B2AA00D99C8D /* CustomDatePickerTests.swift */,
			);
			path = Inputs;
			sourceTree = "<group>";
		};
		8F6CF2222500011E00077FF8 /* Inspections */ = {
			isa = PBXGroup;
			children = (
				8F6CF2232500014900077FF8 /* CustomFieldsViewController.swift */,
			);
			path = Inspections;
			sourceTree = "<group>";
		};
		8F76A5F824FE8CB900605307 /* ListingPlaces */ = {
			isa = PBXGroup;
			children = (
				8F76A5F924FE8CB900605307 /* ListingPlacesViewController.swift */,
			);
			path = ListingPlaces;
			sourceTree = "<group>";
		};
		C752BDC823C64FD40093DCF0 /* ConstructionContacts */ = {
			isa = PBXGroup;
			children = (
				C730D6CF23C7A141003DEE68 /* ConstructionContactsViewController.swift */,
			);
			path = ConstructionContacts;
			sourceTree = "<group>";
		};
/* End PBXGroup section */

/* Begin PBXNativeTarget section */
		34DFB8CA229495F5002D92FB /* StantUiIosLibraryDemo */ = {
			isa = PBXNativeTarget;
			buildConfigurationList = 34DFB8F3229495F7002D92FB /* Build configuration list for PBXNativeTarget "StantUiIosLibraryDemo" */;
			buildPhases = (
				4A280A2CBCB19FC24E791CCA /* [CP] Check Pods Manifest.lock */,
				34DFB8C7229495F5002D92FB /* Sources */,
				34DFB8C8229495F5002D92FB /* Frameworks */,
				34DFB8C9229495F5002D92FB /* Resources */,
				905B6231AC41AE30E701C9CD /* [CP] Embed Pods Frameworks */,
			);
			buildRules = (
			);
			dependencies = (
			);
			name = StantUiIosLibraryDemo;
			productName = StantUiIosLibraryDemo;
			productReference = 34DFB8CB229495F5002D92FB /* StantUiIosLibraryDemo.app */;
			productType = "com.apple.product-type.application";
		};
		34DFB8DE229495F7002D92FB /* StantUiIosLibraryDemoTests */ = {
			isa = PBXNativeTarget;
			buildConfigurationList = 34DFB8F6229495F7002D92FB /* Build configuration list for PBXNativeTarget "StantUiIosLibraryDemoTests" */;
			buildPhases = (
				E932ADCEEA8A5A87FA39539C /* [CP] Check Pods Manifest.lock */,
				34DFB8DB229495F7002D92FB /* Sources */,
				34DFB8DC229495F7002D92FB /* Frameworks */,
				34DFB8DD229495F7002D92FB /* Resources */,
			);
			buildRules = (
			);
			dependencies = (
				34DFB8E1229495F7002D92FB /* PBXTargetDependency */,
			);
			name = StantUiIosLibraryDemoTests;
			productName = StantUiIosLibraryDemoTests;
			productReference = 34DFB8DF229495F7002D92FB /* StantUiIosLibraryDemoTests.xctest */;
			productType = "com.apple.product-type.bundle.unit-test";
		};
/* End PBXNativeTarget section */

/* Begin PBXProject section */
		34DFB8C3229495F5002D92FB /* Project object */ = {
			isa = PBXProject;
			attributes = {
				LastSwiftUpdateCheck = 1020;
				LastUpgradeCheck = 1020;
				ORGANIZATIONNAME = Stant;
				TargetAttributes = {
					34DFB8CA229495F5002D92FB = {
						CreatedOnToolsVersion = 10.2.1;
					};
					34DFB8DE229495F7002D92FB = {
						CreatedOnToolsVersion = 10.2.1;
						TestTargetID = 34DFB8CA229495F5002D92FB;
					};
				};
			};
			buildConfigurationList = 34DFB8C6229495F5002D92FB /* Build configuration list for PBXProject "StantUiIosLibraryDemo" */;
			compatibilityVersion = "Xcode 9.3";
			developmentRegion = en;
			hasScannedForEncodings = 0;
			knownRegions = (
				en,
			);
			mainGroup = 34DFB8C2229495F5002D92FB;
			productRefGroup = 34DFB8CC229495F5002D92FB /* Products */;
			projectDirPath = "";
			projectRoot = "";
			targets = (
				34DFB8CA229495F5002D92FB /* StantUiIosLibraryDemo */,
				34DFB8DE229495F7002D92FB /* StantUiIosLibraryDemoTests */,
			);
		};
/* End PBXProject section */

/* Begin PBXResourcesBuildPhase section */
		34DFB8C9229495F5002D92FB /* Resources */ = {
			isa = PBXResourcesBuildPhase;
			buildActionMask = 2147483647;
			files = (
				34DFB908229579A0002D92FB /* Launch Screen.storyboard in Resources */,
				34DFB8D6229495F7002D92FB /* Assets.xcassets in Resources */,
			);
			runOnlyForDeploymentPostprocessing = 0;
		};
		34DFB8DD229495F7002D92FB /* Resources */ = {
			isa = PBXResourcesBuildPhase;
			buildActionMask = 2147483647;
			files = (
				3445BC5822B80AFA00C62011 /* Assets.xcassets in Resources */,
			);
			runOnlyForDeploymentPostprocessing = 0;
		};
/* End PBXResourcesBuildPhase section */

/* Begin PBXShellScriptBuildPhase section */
		4A280A2CBCB19FC24E791CCA /* [CP] Check Pods Manifest.lock */ = {
			isa = PBXShellScriptBuildPhase;
			buildActionMask = 2147483647;
			files = (
			);
			inputFileListPaths = (
			);
			inputPaths = (
				"${PODS_PODFILE_DIR_PATH}/Podfile.lock",
				"${PODS_ROOT}/Manifest.lock",
			);
			name = "[CP] Check Pods Manifest.lock";
			outputFileListPaths = (
			);
			outputPaths = (
				"$(DERIVED_FILE_DIR)/Pods-StantUiIosLibraryDemo-checkManifestLockResult.txt",
			);
			runOnlyForDeploymentPostprocessing = 0;
			shellPath = /bin/sh;
			shellScript = "diff \"${PODS_PODFILE_DIR_PATH}/Podfile.lock\" \"${PODS_ROOT}/Manifest.lock\" > /dev/null\nif [ $? != 0 ] ; then\n    # print error to STDERR\n    echo \"error: The sandbox is not in sync with the Podfile.lock. Run 'pod install' or update your CocoaPods installation.\" >&2\n    exit 1\nfi\n# This output is used by Xcode 'outputs' to avoid re-running this script phase.\necho \"SUCCESS\" > \"${SCRIPT_OUTPUT_FILE_0}\"\n";
			showEnvVarsInLog = 0;
		};
		905B6231AC41AE30E701C9CD /* [CP] Embed Pods Frameworks */ = {
			isa = PBXShellScriptBuildPhase;
			buildActionMask = 2147483647;
			files = (
			);
			inputFileListPaths = (
				"${PODS_ROOT}/Target Support Files/Pods-StantUiIosLibraryDemo/Pods-StantUiIosLibraryDemo-frameworks-${CONFIGURATION}-input-files.xcfilelist",
			);
			name = "[CP] Embed Pods Frameworks";
			outputFileListPaths = (
				"${PODS_ROOT}/Target Support Files/Pods-StantUiIosLibraryDemo/Pods-StantUiIosLibraryDemo-frameworks-${CONFIGURATION}-output-files.xcfilelist",
			);
			runOnlyForDeploymentPostprocessing = 0;
			shellPath = /bin/sh;
			shellScript = "\"${PODS_ROOT}/Target Support Files/Pods-StantUiIosLibraryDemo/Pods-StantUiIosLibraryDemo-frameworks.sh\"\n";
			showEnvVarsInLog = 0;
		};
		E932ADCEEA8A5A87FA39539C /* [CP] Check Pods Manifest.lock */ = {
			isa = PBXShellScriptBuildPhase;
			buildActionMask = 2147483647;
			files = (
			);
			inputFileListPaths = (
			);
			inputPaths = (
				"${PODS_PODFILE_DIR_PATH}/Podfile.lock",
				"${PODS_ROOT}/Manifest.lock",
			);
			name = "[CP] Check Pods Manifest.lock";
			outputFileListPaths = (
			);
			outputPaths = (
				"$(DERIVED_FILE_DIR)/Pods-StantUiIosLibraryDemoTests-checkManifestLockResult.txt",
			);
			runOnlyForDeploymentPostprocessing = 0;
			shellPath = /bin/sh;
			shellScript = "diff \"${PODS_PODFILE_DIR_PATH}/Podfile.lock\" \"${PODS_ROOT}/Manifest.lock\" > /dev/null\nif [ $? != 0 ] ; then\n    # print error to STDERR\n    echo \"error: The sandbox is not in sync with the Podfile.lock. Run 'pod install' or update your CocoaPods installation.\" >&2\n    exit 1\nfi\n# This output is used by Xcode 'outputs' to avoid re-running this script phase.\necho \"SUCCESS\" > \"${SCRIPT_OUTPUT_FILE_0}\"\n";
			showEnvVarsInLog = 0;
		};
/* End PBXShellScriptBuildPhase section */

/* Begin PBXSourcesBuildPhase section */
		34DFB8C7229495F5002D92FB /* Sources */ = {
			isa = PBXSourcesBuildPhase;
			buildActionMask = 2147483647;
			files = (
				349CE991229875DD0066A6E7 /* ConstructionsFilterViewController.swift in Sources */,
				343FF2C8229F151200B96C60 /* FirstHeaderViewController.swift in Sources */,
				8FBE26D723C7B67C002C488C /* ServiceInspectionFormFilledCardViewController.swift in Sources */,
				34DFB8CF229495F5002D92FB /* AppDelegate.swift in Sources */,
				34518E7722B28942004D1833 /* MainViewControllerActionsExtension.swift in Sources */,
				34518E7922B28A54004D1833 /* UIViewExtension.swift in Sources */,
				8FDC5413247EAF5E00443DF4 /* ServiceInspectionFormFilledDetailMenuViewController.swift in Sources */,
				8F76A5FA24FE8CB900605307 /* ListingPlacesViewController.swift in Sources */,
				34DFB90622957331002D92FB /* ConstructionCardViewController.swift in Sources */,
				51E9B31A22CA8EEA00D47B6A /* CellWithImageTableViewController.swift in Sources */,
				C752BDDF23C658A80093DCF0 /* MainViewController.swift in Sources */,
				349CE995229C1A660066A6E7 /* UIViewLayoutExtension.swift in Sources */,
				34FE368C22F22B4700F9FEAE /* InputTextCellTableViewController.swift in Sources */,
				8F80535524D06BC90079C21B /* VerifiedMethodDetailViewController.swift in Sources */,
				8F3728CC24508EDB00C549EF /* QuantityBarViewController.swift in Sources */,
				8FC2EFA823AAE88400184A1E /* ProgressBarWithToolTipViewController.swift in Sources */,
				882D19F0248E8F7E007DFCB8 /* ServiceInspectionFormFilledListingViewController.swift in Sources */,
				34ECE71322F384B500D24ED3 /* SecondHeaderViewController.swift in Sources */,
				C730D6D023C7A141003DEE68 /* ConstructionContactsViewController.swift in Sources */,
				8F1C5C4D24E46FF500B8A6A1 /* VerifiedMethodDetailViewControllerExtension.swift in Sources */,
				8F4E18282493C024001212BB /* ItemListingViewController.swift in Sources */,
				8F6CF2242500014900077FF8 /* CustomFieldsViewController.swift in Sources */,
				452DB8AC22CCF2AD00561600 /* ProfileCellTableViewController.swift in Sources */,
				34ECE70D22F31BF300D24ED3 /* RoundedImageViewController.swift in Sources */,
				346518D922EF6CD800BC9E0D /* GroupSelectionViewController.swift in Sources */,
			);
			runOnlyForDeploymentPostprocessing = 0;
		};
		34DFB8DB229495F7002D92FB /* Sources */ = {
			isa = PBXSourcesBuildPhase;
			buildActionMask = 2147483647;
			files = (
				349CE9932298762E0066A6E7 /* ConstructionsFilterTests.swift in Sources */,
				8F20AED1249454D700C6CA19 /* ItemListingTests.swift in Sources */,
				53D2813722A152F6007064F1 /* FirstHeaderTests.swift in Sources */,
				34ECE71B22F4676000D24ED3 /* SecondHeaderTests.swift in Sources */,
				34FE368022F1B4D400F9FEAE /* GroupSelectionTableViewWithCollapsedSearchBarTests.swift in Sources */,
				347958EB22CB92DF003D7CC4 /* ConstructionTableViewWithCollapsedSearchMocks.swift in Sources */,
				34ECE71022F3762600D24ED3 /* RoundedImageViewTests.swift in Sources */,
				8F52A16A2502766800B9F504 /* SelectionViewControllerTests.swift in Sources */,
				8F52A165250273E600B9F504 /* BottomDialogWithScrollAndLeftViewsTests.swift in Sources */,
				34D4F2DC22CE403C0073A46E /* MainMenuTabBarControllerMock.swift in Sources */,
				343FF2BE229D74BE00B96C60 /* SyncDialogTests.swift in Sources */,
				452DB8AE22CD23E400561600 /* InternPersonCellTests.swift in Sources */,
				8F1C5C5424E47A6800B8A6A1 /* VerifiedMethodDetailViewTests.swift in Sources */,
				3445BC5722B7D68200C62011 /* MainMenuTabBarTests.swift in Sources */,
				8F03A49E23A7FE22004FF6EC /* BottomDialogWithScrollAndIconsTests.swift in Sources */,
				452DB89722CBF79000561600 /* XCTestExtensions.swift in Sources */,
				34DFB8E4229495F7002D92FB /* ConstructionCardTests.swift in Sources */,
				51E9B31E22CAA64400D47B6A /* InternActionCellTests.swift in Sources */,
				8F52A16C25029D0800B9F504 /* CustomFormTextFieldTests.swift in Sources */,
				34FE368F22F234F000F9FEAE /* InputTextCellTests.swift in Sources */,
				8FB2A6E724857D3200EDB0BD /* ServiceInspectionFormFilledDetailMenuTests.swift in Sources */,
				34FE368222F1B5F100F9FEAE /* GroupSelectionTableViewWithCollapsedSearchBarMocks.swift in Sources */,
				8F766F03245131FF0027B628 /* QuantityBarTests.swift in Sources */,
				882CCF4624AE754B00024A74 /* ServiceInspectionFormFilledListingTests.swift in Sources */,
				8F030E9923BFC6A1009CDEA4 /* ProgressBarWithToolTipTests.swift in Sources */,
				34CA9E8622D680A200E671D4 /* BottomDialogWithScrollTests.swift in Sources */,
				8FE133D82502B2AA00D99C8D /* CustomDatePickerTests.swift in Sources */,
				347958E922CA296A003D7CC4 /* ConstructionTableViewWithCollapsedSearchBarTests.swift in Sources */,
				34ECE71D22F46F0000D24ED3 /* SecondHeaderViewControllerMock.swift in Sources */,
				53D2813A22A1737F007064F1 /* TestFirstHeaderViewController.swift in Sources */,
				8FBE26D923C7BBD1002C488C /* ServiceInspectionFormFilledCardTests.swift in Sources */,
			);
			runOnlyForDeploymentPostprocessing = 0;
		};
/* End PBXSourcesBuildPhase section */

/* Begin PBXTargetDependency section */
		34DFB8E1229495F7002D92FB /* PBXTargetDependency */ = {
			isa = PBXTargetDependency;
			target = 34DFB8CA229495F5002D92FB /* StantUiIosLibraryDemo */;
			targetProxy = 34DFB8E0229495F7002D92FB /* PBXContainerItemProxy */;
		};
/* End PBXTargetDependency section */

/* Begin XCBuildConfiguration section */
		34DFB8F1229495F7002D92FB /* Debug */ = {
			isa = XCBuildConfiguration;
			buildSettings = {
				ALWAYS_SEARCH_USER_PATHS = NO;
				CLANG_ANALYZER_NONNULL = YES;
				CLANG_ANALYZER_NUMBER_OBJECT_CONVERSION = YES_AGGRESSIVE;
				CLANG_CXX_LANGUAGE_STANDARD = "gnu++14";
				CLANG_CXX_LIBRARY = "libc++";
				CLANG_ENABLE_MODULES = YES;
				CLANG_ENABLE_OBJC_ARC = YES;
				CLANG_ENABLE_OBJC_WEAK = YES;
				CLANG_WARN_BLOCK_CAPTURE_AUTORELEASING = YES;
				CLANG_WARN_BOOL_CONVERSION = YES;
				CLANG_WARN_COMMA = YES;
				CLANG_WARN_CONSTANT_CONVERSION = YES;
				CLANG_WARN_DEPRECATED_OBJC_IMPLEMENTATIONS = YES;
				CLANG_WARN_DIRECT_OBJC_ISA_USAGE = YES_ERROR;
				CLANG_WARN_DOCUMENTATION_COMMENTS = YES;
				CLANG_WARN_EMPTY_BODY = YES;
				CLANG_WARN_ENUM_CONVERSION = YES;
				CLANG_WARN_INFINITE_RECURSION = YES;
				CLANG_WARN_INT_CONVERSION = YES;
				CLANG_WARN_NON_LITERAL_NULL_CONVERSION = YES;
				CLANG_WARN_OBJC_IMPLICIT_RETAIN_SELF = YES;
				CLANG_WARN_OBJC_LITERAL_CONVERSION = YES;
				CLANG_WARN_OBJC_ROOT_CLASS = YES_ERROR;
				CLANG_WARN_RANGE_LOOP_ANALYSIS = YES;
				CLANG_WARN_STRICT_PROTOTYPES = YES;
				CLANG_WARN_SUSPICIOUS_MOVE = YES;
				CLANG_WARN_UNGUARDED_AVAILABILITY = YES_AGGRESSIVE;
				CLANG_WARN_UNREACHABLE_CODE = YES;
				CLANG_WARN__DUPLICATE_METHOD_MATCH = YES;
				CODE_SIGN_IDENTITY = "iPhone Developer";
				COPY_PHASE_STRIP = NO;
				DEBUG_INFORMATION_FORMAT = dwarf;
				ENABLE_STRICT_OBJC_MSGSEND = YES;
				ENABLE_TESTABILITY = YES;
				GCC_C_LANGUAGE_STANDARD = gnu11;
				GCC_DYNAMIC_NO_PIC = NO;
				GCC_NO_COMMON_BLOCKS = YES;
				GCC_OPTIMIZATION_LEVEL = 0;
				GCC_PREPROCESSOR_DEFINITIONS = (
					"DEBUG=1",
					"$(inherited)",
				);
				GCC_WARN_64_TO_32_BIT_CONVERSION = YES;
				GCC_WARN_ABOUT_RETURN_TYPE = YES_ERROR;
				GCC_WARN_UNDECLARED_SELECTOR = YES;
				GCC_WARN_UNINITIALIZED_AUTOS = YES_AGGRESSIVE;
				GCC_WARN_UNUSED_FUNCTION = YES;
				GCC_WARN_UNUSED_VARIABLE = YES;
				IPHONEOS_DEPLOYMENT_TARGET = 12.2;
				MTL_ENABLE_DEBUG_INFO = INCLUDE_SOURCE;
				MTL_FAST_MATH = YES;
				ONLY_ACTIVE_ARCH = YES;
				SDKROOT = iphoneos;
				SWIFT_ACTIVE_COMPILATION_CONDITIONS = DEBUG;
				SWIFT_OPTIMIZATION_LEVEL = "-Onone";
			};
			name = Debug;
		};
		34DFB8F2229495F7002D92FB /* Release */ = {
			isa = XCBuildConfiguration;
			buildSettings = {
				ALWAYS_SEARCH_USER_PATHS = NO;
				CLANG_ANALYZER_NONNULL = YES;
				CLANG_ANALYZER_NUMBER_OBJECT_CONVERSION = YES_AGGRESSIVE;
				CLANG_CXX_LANGUAGE_STANDARD = "gnu++14";
				CLANG_CXX_LIBRARY = "libc++";
				CLANG_ENABLE_MODULES = YES;
				CLANG_ENABLE_OBJC_ARC = YES;
				CLANG_ENABLE_OBJC_WEAK = YES;
				CLANG_WARN_BLOCK_CAPTURE_AUTORELEASING = YES;
				CLANG_WARN_BOOL_CONVERSION = YES;
				CLANG_WARN_COMMA = YES;
				CLANG_WARN_CONSTANT_CONVERSION = YES;
				CLANG_WARN_DEPRECATED_OBJC_IMPLEMENTATIONS = YES;
				CLANG_WARN_DIRECT_OBJC_ISA_USAGE = YES_ERROR;
				CLANG_WARN_DOCUMENTATION_COMMENTS = YES;
				CLANG_WARN_EMPTY_BODY = YES;
				CLANG_WARN_ENUM_CONVERSION = YES;
				CLANG_WARN_INFINITE_RECURSION = YES;
				CLANG_WARN_INT_CONVERSION = YES;
				CLANG_WARN_NON_LITERAL_NULL_CONVERSION = YES;
				CLANG_WARN_OBJC_IMPLICIT_RETAIN_SELF = YES;
				CLANG_WARN_OBJC_LITERAL_CONVERSION = YES;
				CLANG_WARN_OBJC_ROOT_CLASS = YES_ERROR;
				CLANG_WARN_RANGE_LOOP_ANALYSIS = YES;
				CLANG_WARN_STRICT_PROTOTYPES = YES;
				CLANG_WARN_SUSPICIOUS_MOVE = YES;
				CLANG_WARN_UNGUARDED_AVAILABILITY = YES_AGGRESSIVE;
				CLANG_WARN_UNREACHABLE_CODE = YES;
				CLANG_WARN__DUPLICATE_METHOD_MATCH = YES;
				CODE_SIGN_IDENTITY = "iPhone Developer";
				COPY_PHASE_STRIP = NO;
				DEBUG_INFORMATION_FORMAT = "dwarf-with-dsym";
				ENABLE_NS_ASSERTIONS = NO;
				ENABLE_STRICT_OBJC_MSGSEND = YES;
				GCC_C_LANGUAGE_STANDARD = gnu11;
				GCC_NO_COMMON_BLOCKS = YES;
				GCC_WARN_64_TO_32_BIT_CONVERSION = YES;
				GCC_WARN_ABOUT_RETURN_TYPE = YES_ERROR;
				GCC_WARN_UNDECLARED_SELECTOR = YES;
				GCC_WARN_UNINITIALIZED_AUTOS = YES_AGGRESSIVE;
				GCC_WARN_UNUSED_FUNCTION = YES;
				GCC_WARN_UNUSED_VARIABLE = YES;
				IPHONEOS_DEPLOYMENT_TARGET = 12.2;
				MTL_ENABLE_DEBUG_INFO = NO;
				MTL_FAST_MATH = YES;
				SDKROOT = iphoneos;
				SWIFT_COMPILATION_MODE = wholemodule;
				SWIFT_OPTIMIZATION_LEVEL = "-O";
				VALIDATE_PRODUCT = YES;
			};
			name = Release;
		};
		34DFB8F4229495F7002D92FB /* Debug */ = {
			isa = XCBuildConfiguration;
			baseConfigurationReference = DC062C9F0556D38B24D99EF0 /* Pods-StantUiIosLibraryDemo.debug.xcconfig */;
			buildSettings = {
				ASSETCATALOG_COMPILER_APPICON_NAME = AppIcon;
				CODE_SIGN_STYLE = Automatic;
				DEVELOPMENT_TEAM = SWAFF648KE;
				INFOPLIST_FILE = StantUiIosLibraryDemo/Info.plist;
				LD_RUNPATH_SEARCH_PATHS = (
					"$(inherited)",
					"@executable_path/Frameworks",
				);
				PRODUCT_BUNDLE_IDENTIFIER = br.com.stant.StantUiIosLibraryDemo;
				PRODUCT_NAME = "$(TARGET_NAME)";
				SWIFT_VERSION = 5.0;
				TARGETED_DEVICE_FAMILY = "1,2";
			};
			name = Debug;
		};
		34DFB8F5229495F7002D92FB /* Release */ = {
			isa = XCBuildConfiguration;
			baseConfigurationReference = 6BC6ECA65D51D2F6E61A286C /* Pods-StantUiIosLibraryDemo.release.xcconfig */;
			buildSettings = {
				ASSETCATALOG_COMPILER_APPICON_NAME = AppIcon;
				CODE_SIGN_STYLE = Automatic;
				DEVELOPMENT_TEAM = SWAFF648KE;
				INFOPLIST_FILE = StantUiIosLibraryDemo/Info.plist;
				LD_RUNPATH_SEARCH_PATHS = (
					"$(inherited)",
					"@executable_path/Frameworks",
				);
				PRODUCT_BUNDLE_IDENTIFIER = br.com.stant.StantUiIosLibraryDemo;
				PRODUCT_NAME = "$(TARGET_NAME)";
				SWIFT_VERSION = 5.0;
				TARGETED_DEVICE_FAMILY = "1,2";
			};
			name = Release;
		};
		34DFB8F7229495F7002D92FB /* Debug */ = {
			isa = XCBuildConfiguration;
			baseConfigurationReference = 4CF89181A26B95808368FB03 /* Pods-StantUiIosLibraryDemoTests.debug.xcconfig */;
			buildSettings = {
				ALWAYS_EMBED_SWIFT_STANDARD_LIBRARIES = YES;
				BUNDLE_LOADER = "$(TEST_HOST)";
				CODE_SIGN_STYLE = Automatic;
				DEVELOPMENT_TEAM = SWAFF648KE;
				INFOPLIST_FILE = StantUiIosLibraryDemoTests/Info.plist;
				LD_RUNPATH_SEARCH_PATHS = (
					"$(inherited)",
					"@executable_path/Frameworks",
					"@loader_path/Frameworks",
				);
				PRODUCT_BUNDLE_IDENTIFIER = br.com.stant.StantUiIosLibraryDemoTests;
				PRODUCT_NAME = "$(TARGET_NAME)";
				SWIFT_VERSION = 5.0;
				TARGETED_DEVICE_FAMILY = "1,2";
				TEST_HOST = "$(BUILT_PRODUCTS_DIR)/StantUiIosLibraryDemo.app/StantUiIosLibraryDemo";
			};
			name = Debug;
		};
		34DFB8F8229495F7002D92FB /* Release */ = {
			isa = XCBuildConfiguration;
			baseConfigurationReference = 2185583D3B0420DB7D995C58 /* Pods-StantUiIosLibraryDemoTests.release.xcconfig */;
			buildSettings = {
				ALWAYS_EMBED_SWIFT_STANDARD_LIBRARIES = YES;
				BUNDLE_LOADER = "$(TEST_HOST)";
				CODE_SIGN_STYLE = Automatic;
				DEVELOPMENT_TEAM = SWAFF648KE;
				INFOPLIST_FILE = StantUiIosLibraryDemoTests/Info.plist;
				LD_RUNPATH_SEARCH_PATHS = (
					"$(inherited)",
					"@executable_path/Frameworks",
					"@loader_path/Frameworks",
				);
				PRODUCT_BUNDLE_IDENTIFIER = br.com.stant.StantUiIosLibraryDemoTests;
				PRODUCT_NAME = "$(TARGET_NAME)";
				SWIFT_VERSION = 5.0;
				TARGETED_DEVICE_FAMILY = "1,2";
				TEST_HOST = "$(BUILT_PRODUCTS_DIR)/StantUiIosLibraryDemo.app/StantUiIosLibraryDemo";
			};
			name = Release;
		};
/* End XCBuildConfiguration section */

/* Begin XCConfigurationList section */
		34DFB8C6229495F5002D92FB /* Build configuration list for PBXProject "StantUiIosLibraryDemo" */ = {
			isa = XCConfigurationList;
			buildConfigurations = (
				34DFB8F1229495F7002D92FB /* Debug */,
				34DFB8F2229495F7002D92FB /* Release */,
			);
			defaultConfigurationIsVisible = 0;
			defaultConfigurationName = Release;
		};
		34DFB8F3229495F7002D92FB /* Build configuration list for PBXNativeTarget "StantUiIosLibraryDemo" */ = {
			isa = XCConfigurationList;
			buildConfigurations = (
				34DFB8F4229495F7002D92FB /* Debug */,
				34DFB8F5229495F7002D92FB /* Release */,
			);
			defaultConfigurationIsVisible = 0;
			defaultConfigurationName = Release;
		};
		34DFB8F6229495F7002D92FB /* Build configuration list for PBXNativeTarget "StantUiIosLibraryDemoTests" */ = {
			isa = XCConfigurationList;
			buildConfigurations = (
				34DFB8F7229495F7002D92FB /* Debug */,
				34DFB8F8229495F7002D92FB /* Release */,
			);
			defaultConfigurationIsVisible = 0;
			defaultConfigurationName = Release;
		};
/* End XCConfigurationList section */
	};
	rootObject = 34DFB8C3229495F5002D92FB /* Project object */;
}
